
Microsoft Visual Studio Solution File, Format Version 12.00
Project("{FAE04EC0-301F-11D3-BF4B-00C04F79EFBC}") = "Kronix", "Kronix.csproj", "{924198A1-F52D-4174-8E28-9BF425411CB5}"
EndProject
Global
	GlobalSection(SolutionConfigurationPlatforms) = preSolution
		Debug|Any CPU = Debug|Any CPU
		Release|Any CPU = Release|Any CPU
	EndGlobalSection
	GlobalSection(ProjectConfigurationPlatforms) = postSolution
		{924198A1-F52D-4174-8E28-9BF425411CB5}.Debug|Any CPU.ActiveCfg = Debug|Any CPU
		{924198A1-F52D-4174-8E28-9BF425411CB5}.Debug|Any CPU.Build.0 = Debug|Any CPU
		{924198A1-F52D-4174-8E28-9BF425411CB5}.Release|Any CPU.ActiveCfg = Release|Any CPU
		{924198A1-F52D-4174-8E28-9BF425411CB5}.Release|Any CPU.Build.0 = Release|Any CPU
	EndGlobalSection
EndGlobal
